// !$*UTF8*$!
{
	archiveVersion = 1;
	classes = {
	};
	objectVersion = 77;
	objects = {

/* Begin PBXContainerItemProxy section */
		6431D9862D97D4810035AD93 /* PBXContainerItemProxy */ = {
			isa = PBXContainerItemProxy;
			containerPortal = 6431D9672D97D47F0035AD93 /* Project object */;
			proxyType = 1;
			remoteGlobalIDString = 6431D96E2D97D47F0035AD93;
			remoteInfo = "iOS-Challenge";
		};
		6431D9902D97D4810035AD93 /* PBXContainerItemProxy */ = {
			isa = PBXContainerItemProxy;
			containerPortal = 6431D9672D97D47F0035AD93 /* Project object */;
			proxyType = 1;
			remoteGlobalIDString = 6431D96E2D97D47F0035AD93;
			remoteInfo = "iOS-Challenge";
		};
/* End PBXContainerItemProxy section */

/* Begin PBXFileReference section */
		6431D96F2D97D47F0035AD93 /* iOS-Challenge.app */ = {isa = PBXFileReference; explicitFileType = wrapper.application; includeInIndex = 0; path = "iOS-Challenge.app"; sourceTree = BUILT_PRODUCTS_DIR; };
		6431D9852D97D4810035AD93 /* iOS-ChallengeTests.xctest */ = {isa = PBXFileReference; explicitFileType = wrapper.cfbundle; includeInIndex = 0; path = "iOS-ChallengeTests.xctest"; sourceTree = BUILT_PRODUCTS_DIR; };
		6431D98F2D97D4810035AD93 /* iOS-ChallengeUITests.xctest */ = {isa = PBXFileReference; explicitFileType = wrapper.cfbundle; includeInIndex = 0; path = "iOS-ChallengeUITests.xctest"; sourceTree = BUILT_PRODUCTS_DIR; };
/* End PBXFileReference section */

/* Begin PBXFileSystemSynchronizedBuildFileExceptionSet section */
		6431D9972D97D4810035AD93 /* Exceptions for "iOS-Challenge" folder in "iOS-Challenge" target */ = {
			isa = PBXFileSystemSynchronizedBuildFileExceptionSet;
			membershipExceptions = (
				Info.plist,
				PreviewContent/ReadMePreviewContent.md,
			);
			target = 6431D96E2D97D47F0035AD93 /* iOS-Challenge */;
		};
/* End PBXFileSystemSynchronizedBuildFileExceptionSet section */

/* Begin PBXFileSystemSynchronizedGroupBuildPhaseMembershipExceptionSet section */
		6431DA7F2D97EB200035AD93 /* Exceptions for "iOS-Challenge" folder in "Compile Sources" phase from "iOS-Challenge" target */ = {
			isa = PBXFileSystemSynchronizedGroupBuildPhaseMembershipExceptionSet;
			buildPhase = 6431D96B2D97D47F0035AD93 /* Sources */;
			membershipExceptions = (
				PreviewContent/ReadMePreviewContent.md,
			);
		};
/* End PBXFileSystemSynchronizedGroupBuildPhaseMembershipExceptionSet section */

/* Begin PBXFileSystemSynchronizedRootGroup section */
		6431D9712D97D47F0035AD93 /* iOS-Challenge */ = {
			isa = PBXFileSystemSynchronizedRootGroup;
			exceptions = (
				6431D9972D97D4810035AD93 /* Exceptions for "iOS-Challenge" folder in "iOS-Challenge" target */,
				6431DA7F2D97EB200035AD93 /* Exceptions for "iOS-Challenge" folder in "Compile Sources" phase from "iOS-Challenge" target */,
			);
			path = "iOS-Challenge";
			sourceTree = "<group>";
		};
		6431D9882D97D4810035AD93 /* iOS-ChallengeTests */ = {
			isa = PBXFileSystemSynchronizedRootGroup;
			path = "iOS-ChallengeTests";
			sourceTree = "<group>";
		};
		6431D9922D97D4810035AD93 /* iOS-ChallengeUITests */ = {
			isa = PBXFileSystemSynchronizedRootGroup;
			path = "iOS-ChallengeUITests";
			sourceTree = "<group>";
		};
/* End PBXFileSystemSynchronizedRootGroup section */

/* Begin PBXFrameworksBuildPhase section */
		6431D96C2D97D47F0035AD93 /* Frameworks */ = {
			isa = PBXFrameworksBuildPhase;
			buildActionMask = 2147483647;
			files = (
			);
			runOnlyForDeploymentPostprocessing = 0;
		};
		6431D9822D97D4810035AD93 /* Frameworks */ = {
			isa = PBXFrameworksBuildPhase;
			buildActionMask = 2147483647;
			files = (
			);
			runOnlyForDeploymentPostprocessing = 0;
		};
		6431D98C2D97D4810035AD93 /* Frameworks */ = {
			isa = PBXFrameworksBuildPhase;
			buildActionMask = 2147483647;
			files = (
			);
			runOnlyForDeploymentPostprocessing = 0;
		};
/* End PBXFrameworksBuildPhase section */

/* Begin PBXGroup section */
		6431D9662D97D47F0035AD93 = {
			isa = PBXGroup;
			children = (
				6431D9712D97D47F0035AD93 /* iOS-Challenge */,
				6431D9882D97D4810035AD93 /* iOS-ChallengeTests */,
				6431D9922D97D4810035AD93 /* iOS-ChallengeUITests */,
				6431D9702D97D47F0035AD93 /* Products */,
			);
			sourceTree = "<group>";
		};
		6431D9702D97D47F0035AD93 /* Products */ = {
			isa = PBXGroup;
			children = (
				6431D96F2D97D47F0035AD93 /* iOS-Challenge.app */,
				6431D9852D97D4810035AD93 /* iOS-ChallengeTests.xctest */,
				6431D98F2D97D4810035AD93 /* iOS-ChallengeUITests.xctest */,
			);
			name = Products;
			sourceTree = "<group>";
		};
/* End PBXGroup section */

/* Begin PBXNativeTarget section */
		6431D96E2D97D47F0035AD93 /* iOS-Challenge */ = {
			isa = PBXNativeTarget;
			buildConfigurationList = 6431D9982D97D4810035AD93 /* Build configuration list for PBXNativeTarget "iOS-Challenge" */;
			buildPhases = (
				6431D96B2D97D47F0035AD93 /* Sources */,
				6431D96C2D97D47F0035AD93 /* Frameworks */,
				6431D96D2D97D47F0035AD93 /* Resources */,
			);
			buildRules = (
			);
			dependencies = (
			);
			fileSystemSynchronizedGroups = (
				6431D9712D97D47F0035AD93 /* iOS-Challenge */,
			);
			name = "iOS-Challenge";
			packageProductDependencies = (
			);
			productName = "iOS-Challenge";
			productReference = 6431D96F2D97D47F0035AD93 /* iOS-Challenge.app */;
			productType = "com.apple.product-type.application";
		};
		6431D9842D97D4810035AD93 /* iOS-ChallengeTests */ = {
			isa = PBXNativeTarget;
			buildConfigurationList = 6431D99D2D97D4810035AD93 /* Build configuration list for PBXNativeTarget "iOS-ChallengeTests" */;
			buildPhases = (
				6431D9812D97D4810035AD93 /* Sources */,
				6431D9822D97D4810035AD93 /* Frameworks */,
				6431D9832D97D4810035AD93 /* Resources */,
			);
			buildRules = (
			);
			dependencies = (
				6431D9872D97D4810035AD93 /* PBXTargetDependency */,
			);
			fileSystemSynchronizedGroups = (
				6431D9882D97D4810035AD93 /* iOS-ChallengeTests */,
			);
			name = "iOS-ChallengeTests";
			packageProductDependencies = (
			);
			productName = "iOS-ChallengeTests";
			productReference = 6431D9852D97D4810035AD93 /* iOS-ChallengeTests.xctest */;
			productType = "com.apple.product-type.bundle.unit-test";
		};
		6431D98E2D97D4810035AD93 /* iOS-ChallengeUITests */ = {
			isa = PBXNativeTarget;
			buildConfigurationList = 6431D9A02D97D4810035AD93 /* Build configuration list for PBXNativeTarget "iOS-ChallengeUITests" */;
			buildPhases = (
				6431D98B2D97D4810035AD93 /* Sources */,
				6431D98C2D97D4810035AD93 /* Frameworks */,
				6431D98D2D97D4810035AD93 /* Resources */,
			);
			buildRules = (
			);
			dependencies = (
				6431D9912D97D4810035AD93 /* PBXTargetDependency */,
			);
			fileSystemSynchronizedGroups = (
				6431D9922D97D4810035AD93 /* iOS-ChallengeUITests */,
			);
			name = "iOS-ChallengeUITests";
			packageProductDependencies = (
			);
			productName = "iOS-ChallengeUITests";
			productReference = 6431D98F2D97D4810035AD93 /* iOS-ChallengeUITests.xctest */;
			productType = "com.apple.product-type.bundle.ui-testing";
		};
/* End PBXNativeTarget section */

/* Begin PBXProject section */
		6431D9672D97D47F0035AD93 /* Project object */ = {
			isa = PBXProject;
			attributes = {
				BuildIndependentTargetsInParallel = 1;
				LastSwiftUpdateCheck = 1600;
				LastUpgradeCheck = 1600;
				TargetAttributes = {
					6431D96E2D97D47F0035AD93 = {
						CreatedOnToolsVersion = 16.0;
					};
					6431D9842D97D4810035AD93 = {
						CreatedOnToolsVersion = 16.0;
						TestTargetID = 6431D96E2D97D47F0035AD93;
					};
					6431D98E2D97D4810035AD93 = {
						CreatedOnToolsVersion = 16.0;
						TestTargetID = 6431D96E2D97D47F0035AD93;
					};
				};
			};
			buildConfigurationList = 6431D96A2D97D47F0035AD93 /* Build configuration list for PBXProject "iOS-Challenge" */;
			developmentRegion = en;
			hasScannedForEncodings = 0;
			knownRegions = (
				en,
				Base,
			);
			mainGroup = 6431D9662D97D47F0035AD93;
			minimizedProjectReferenceProxies = 1;
			preferredProjectObjectVersion = 77;
			productRefGroup = 6431D9702D97D47F0035AD93 /* Products */;
			projectDirPath = "";
			projectRoot = "";
			targets = (
				6431D96E2D97D47F0035AD93 /* iOS-Challenge */,
				6431D9842D97D4810035AD93 /* iOS-ChallengeTests */,
				6431D98E2D97D4810035AD93 /* iOS-ChallengeUITests */,
			);
		};
/* End PBXProject section */

/* Begin PBXResourcesBuildPhase section */
		6431D96D2D97D47F0035AD93 /* Resources */ = {
			isa = PBXResourcesBuildPhase;
			buildActionMask = 2147483647;
			files = (
			);
			runOnlyForDeploymentPostprocessing = 0;
		};
		6431D9832D97D4810035AD93 /* Resources */ = {
			isa = PBXResourcesBuildPhase;
			buildActionMask = 2147483647;
			files = (
			);
			runOnlyForDeploymentPostprocessing = 0;
		};
		6431D98D2D97D4810035AD93 /* Resources */ = {
			isa = PBXResourcesBuildPhase;
			buildActionMask = 2147483647;
			files = (
			);
			runOnlyForDeploymentPostprocessing = 0;
		};
/* End PBXResourcesBuildPhase section */

/* Begin PBXSourcesBuildPhase section */
		6431D96B2D97D47F0035AD93 /* Sources */ = {
			isa = PBXSourcesBuildPhase;
			buildActionMask = 2147483647;
			files = (
			);
			runOnlyForDeploymentPostprocessing = 0;
		};
		6431D9812D97D4810035AD93 /* Sources */ = {
			isa = PBXSourcesBuildPhase;
			buildActionMask = 2147483647;
			files = (
			);
			runOnlyForDeploymentPostprocessing = 0;
		};
		6431D98B2D97D4810035AD93 /* Sources */ = {
			isa = PBXSourcesBuildPhase;
			buildActionMask = 2147483647;
			files = (
			);
			runOnlyForDeploymentPostprocessing = 0;
		};
/* End PBXSourcesBuildPhase section */

/* Begin PBXTargetDependency section */
		6431D9872D97D4810035AD93 /* PBXTargetDependency */ = {
			isa = PBXTargetDependency;
			target = 6431D96E2D97D47F0035AD93 /* iOS-Challenge */;
			targetProxy = 6431D9862D97D4810035AD93 /* PBXContainerItemProxy */;
		};
		6431D9912D97D4810035AD93 /* PBXTargetDependency */ = {
			isa = PBXTargetDependency;
			target = 6431D96E2D97D47F0035AD93 /* iOS-Challenge */;
			targetProxy = 6431D9902D97D4810035AD93 /* PBXContainerItemProxy */;
		};
/* End PBXTargetDependency section */

/* Begin XCBuildConfiguration section */
		6431D9992D97D4810035AD93 /* Debug */ = {
			isa = XCBuildConfiguration;
			buildSettings = {
				ASSETCATALOG_COMPILER_APPICON_NAME = AppIcon;
				ASSETCATALOG_COMPILER_GLOBAL_ACCENT_COLOR_NAME = AccentColor;
				CODE_SIGN_STYLE = Automatic;
				CURRENT_PROJECT_VERSION = 1;
				DEVELOPMENT_TEAM = 6DCF8ALR8N;
				GENERATE_INFOPLIST_FILE = YES;
				INFOPLIST_FILE = "iOS-Challenge/Info.plist";
				INFOPLIST_KEY_CFBundleDisplayName = HomeForU;
				INFOPLIST_KEY_LSApplicationCategoryType = "public.app-category.business";
				INFOPLIST_KEY_UIApplicationSupportsIndirectInputEvents = YES;
				INFOPLIST_KEY_UILaunchStoryboardName = LaunchScreen;
				INFOPLIST_KEY_UIMainStoryboardFile = Main;
				INFOPLIST_KEY_UIStatusBarStyle = UIStatusBarStyleLightContent;
				INFOPLIST_KEY_UISupportedInterfaceOrientations = UIInterfaceOrientationPortrait;
				INFOPLIST_KEY_UISupportedInterfaceOrientations_iPad = "UIInterfaceOrientationLandscapeLeft UIInterfaceOrientationLandscapeRight UIInterfaceOrientationPortraitUpsideDown";
				IPHONEOS_DEPLOYMENT_TARGET = 16.0;
				LD_RUNPATH_SEARCH_PATHS = (
					"$(inherited)",
					"@executable_path/Frameworks",
				);
				MARKETING_VERSION = 1.0;
				PRODUCT_BUNDLE_IDENTIFIER = "mednologic.iOS-Challenge";
				PRODUCT_NAME = "$(TARGET_NAME)";
				SUPPORTED_PLATFORMS = "iphoneos iphonesimulator";
				SUPPORTS_MACCATALYST = NO;
				SUPPORTS_MAC_DESIGNED_FOR_IPHONE_IPAD = NO;
				SUPPORTS_XR_DESIGNED_FOR_IPHONE_IPAD = NO;
				SWIFT_EMIT_LOC_STRINGS = YES;
				SWIFT_VERSION = 5.0;
				TARGETED_DEVICE_FAMILY = "1,2";
			};
			name = Debug;
		};
		6431D99A2D97D4810035AD93 /* Release */ = {
			isa = XCBuildConfiguration;
			buildSettings = {
				ASSETCATALOG_COMPILER_APPICON_NAME = AppIcon;
				ASSETCATALOG_COMPILER_GLOBAL_ACCENT_COLOR_NAME = AccentColor;
				CODE_SIGN_STYLE = Automatic;
				CURRENT_PROJECT_VERSION = 1;
				DEVELOPMENT_TEAM = 6DCF8ALR8N;
				EXCLUDED_SOURCE_FILE_NAMES = "PreviewContent/*";
				GENERATE_INFOPLIST_FILE = YES;
				INFOPLIST_FILE = "iOS-Challenge/Info.plist";
				INFOPLIST_KEY_CFBundleDisplayName = HomeForU;
				INFOPLIST_KEY_LSApplicationCategoryType = "public.app-category.business";
				INFOPLIST_KEY_UIApplicationSupportsIndirectInputEvents = YES;
				INFOPLIST_KEY_UILaunchStoryboardName = LaunchScreen;
				INFOPLIST_KEY_UIMainStoryboardFile = Main;
				INFOPLIST_KEY_UIStatusBarStyle = UIStatusBarStyleLightContent;
				INFOPLIST_KEY_UISupportedInterfaceOrientations = UIInterfaceOrientationPortrait;
				INFOPLIST_KEY_UISupportedInterfaceOrientations_iPad = "UIInterfaceOrientationLandscapeLeft UIInterfaceOrientationLandscapeRight UIInterfaceOrientationPortraitUpsideDown";
				IPHONEOS_DEPLOYMENT_TARGET = 16.0;
				LD_RUNPATH_SEARCH_PATHS = (
					"$(inherited)",
					"@executable_path/Frameworks",
				);
				MARKETING_VERSION = 1.0;
				PRODUCT_BUNDLE_IDENTIFIER = "mednologic.iOS-Challenge";
				PRODUCT_NAME = "$(TARGET_NAME)";
				SUPPORTED_PLATFORMS = "iphoneos iphonesimulator";
				SUPPORTS_MACCATALYST = NO;
				SUPPORTS_MAC_DESIGNED_FOR_IPHONE_IPAD = NO;
				SUPPORTS_XR_DESIGNED_FOR_IPHONE_IPAD = NO;
				SWIFT_EMIT_LOC_STRINGS = YES;
				SWIFT_VERSION = 5.0;
				TARGETED_DEVICE_FAMILY = "1,2";
			};
			name = Release;
		};
		6431D99B2D97D4810035AD93 /* Debug */ = {
			isa = XCBuildConfiguration;
			buildSettings = {
				ALWAYS_SEARCH_USER_PATHS = NO;
				ASSETCATALOG_COMPILER_GENERATE_SWIFT_ASSET_SYMBOL_EXTENSIONS = YES;
				CLANG_ANALYZER_NONNULL = YES;
				CLANG_ANALYZER_NUMBER_OBJECT_CONVERSION = YES_AGGRESSIVE;
				CLANG_CXX_LANGUAGE_STANDARD = "gnu++20";
				CLANG_ENABLE_MODULES = YES;
				CLANG_ENABLE_OBJC_ARC = YES;
				CLANG_ENABLE_OBJC_WEAK = YES;
				CLANG_WARN_BLOCK_CAPTURE_AUTORELEASING = YES;
				CLANG_WARN_BOOL_CONVERSION = YES;
				CLANG_WARN_COMMA = YES;
				CLANG_WARN_CONSTANT_CONVERSION = YES;
				CLANG_WARN_DEPRECATED_OBJC_IMPLEMENTATIONS = YES;
				CLANG_WARN_DIRECT_OBJC_ISA_USAGE = YES_ERROR;
				CLANG_WARN_DOCUMENTATION_COMMENTS = YES;
				CLANG_WARN_EMPTY_BODY = YES;
				CLANG_WARN_ENUM_CONVERSION = YES;
				CLANG_WARN_INFINITE_RECURSION = YES;
				CLANG_WARN_INT_CONVERSION = YES;
				CLANG_WARN_NON_LITERAL_NULL_CONVERSION = YES;
				CLANG_WARN_OBJC_IMPLICIT_RETAIN_SELF = YES;
				CLANG_WARN_OBJC_LITERAL_CONVERSION = YES;
				CLANG_WARN_OBJC_ROOT_CLASS = YES_ERROR;
				CLANG_WARN_QUOTED_INCLUDE_IN_FRAMEWORK_HEADER = YES;
				CLANG_WARN_RANGE_LOOP_ANALYSIS = YES;
				CLANG_WARN_STRICT_PROTOTYPES = YES;
				CLANG_WARN_SUSPICIOUS_MOVE = YES;
				CLANG_WARN_UNGUARDED_AVAILABILITY = YES_AGGRESSIVE;
				CLANG_WARN_UNREACHABLE_CODE = YES;
				CLANG_WARN__DUPLICATE_METHOD_MATCH = YES;
				COPY_PHASE_STRIP = NO;
				DEBUG_INFORMATION_FORMAT = dwarf;
				ENABLE_STRICT_OBJC_MSGSEND = YES;
				ENABLE_TESTABILITY = YES;
				ENABLE_USER_SCRIPT_SANDBOXING = YES;
				GCC_C_LANGUAGE_STANDARD = gnu17;
				GCC_DYNAMIC_NO_PIC = NO;
				GCC_NO_COMMON_BLOCKS = YES;
				GCC_OPTIMIZATION_LEVEL = 0;
				GCC_PREPROCESSOR_DEFINITIONS = (
					"DEBUG=1",
					"$(inherited)",
				);
				GCC_WARN_64_TO_32_BIT_CONVERSION = YES;
				GCC_WARN_ABOUT_RETURN_TYPE = YES_ERROR;
				GCC_WARN_UNDECLARED_SELECTOR = YES;
				GCC_WARN_UNINITIALIZED_AUTOS = YES_AGGRESSIVE;
				GCC_WARN_UNUSED_FUNCTION = YES;
				GCC_WARN_UNUSED_VARIABLE = YES;
				IPHONEOS_DEPLOYMENT_TARGET = 18.0;
				LOCALIZATION_PREFERS_STRING_CATALOGS = YES;
				MTL_ENABLE_DEBUG_INFO = INCLUDE_SOURCE;
				MTL_FAST_MATH = YES;
				ONLY_ACTIVE_ARCH = YES;
				SDKROOT = iphoneos;
				SWIFT_ACTIVE_COMPILATION_CONDITIONS = "DEBUG $(inherited)";
				SWIFT_OPTIMIZATION_LEVEL = "-Onone";
			};
			name = Debug;
		};
		6431D99C2D97D4810035AD93 /* Release */ = {
			isa = XCBuildConfiguration;
			buildSettings = {
				ALWAYS_SEARCH_USER_PATHS = NO;
				ASSETCATALOG_COMPILER_GENERATE_SWIFT_ASSET_SYMBOL_EXTENSIONS = YES;
				CLANG_ANALYZER_NONNULL = YES;
				CLANG_ANALYZER_NUMBER_OBJECT_CONVERSION = YES_AGGRESSIVE;
				CLANG_CXX_LANGUAGE_STANDARD = "gnu++20";
				CLANG_ENABLE_MODULES = YES;
				CLANG_ENABLE_OBJC_ARC = YES;
				CLANG_ENABLE_OBJC_WEAK = YES;
				CLANG_WARN_BLOCK_CAPTURE_AUTORELEASING = YES;
				CLANG_WARN_BOOL_CONVERSION = YES;
				CLANG_WARN_COMMA = YES;
				CLANG_WARN_CONSTANT_CONVERSION = YES;
				CLANG_WARN_DEPRECATED_OBJC_IMPLEMENTATIONS = YES;
				CLANG_WARN_DIRECT_OBJC_ISA_USAGE = YES_ERROR;
				CLANG_WARN_DOCUMENTATION_COMMENTS = YES;
				CLANG_WARN_EMPTY_BODY = YES;
				CLANG_WARN_ENUM_CONVERSION = YES;
				CLANG_WARN_INFINITE_RECURSION = YES;
				CLANG_WARN_INT_CONVERSION = YES;
				CLANG_WARN_NON_LITERAL_NULL_CONVERSION = YES;
				CLANG_WARN_OBJC_IMPLICIT_RETAIN_SELF = YES;
				CLANG_WARN_OBJC_LITERAL_CONVERSION = YES;
				CLANG_WARN_OBJC_ROOT_CLASS = YES_ERROR;
				CLANG_WARN_QUOTED_INCLUDE_IN_FRAMEWORK_HEADER = YES;
				CLANG_WARN_RANGE_LOOP_ANALYSIS = YES;
				CLANG_WARN_STRICT_PROTOTYPES = YES;
				CLANG_WARN_SUSPICIOUS_MOVE = YES;
				CLANG_WARN_UNGUARDED_AVAILABILITY = YES_AGGRESSIVE;
				CLANG_WARN_UNREACHABLE_CODE = YES;
				CLANG_WARN__DUPLICATE_METHOD_MATCH = YES;
				COPY_PHASE_STRIP = NO;
				DEBUG_INFORMATION_FORMAT = "dwarf-with-dsym";
				ENABLE_NS_ASSERTIONS = NO;
				ENABLE_STRICT_OBJC_MSGSEND = YES;
				ENABLE_USER_SCRIPT_SANDBOXING = YES;
				GCC_C_LANGUAGE_STANDARD = gnu17;
				GCC_NO_COMMON_BLOCKS = YES;
				GCC_WARN_64_TO_32_BIT_CONVERSION = YES;
				GCC_WARN_ABOUT_RETURN_TYPE = YES_ERROR;
				GCC_WARN_UNDECLARED_SELECTOR = YES;
				GCC_WARN_UNINITIALIZED_AUTOS = YES_AGGRESSIVE;
				GCC_WARN_UNUSED_FUNCTION = YES;
				GCC_WARN_UNUSED_VARIABLE = YES;
				IPHONEOS_DEPLOYMENT_TARGET = 18.0;
				LOCALIZATION_PREFERS_STRING_CATALOGS = YES;
				MTL_ENABLE_DEBUG_INFO = NO;
				MTL_FAST_MATH = YES;
				SDKROOT = iphoneos;
				SWIFT_COMPILATION_MODE = wholemodule;
				VALIDATE_PRODUCT = YES;
			};
			name = Release;
		};
		6431D99E2D97D4810035AD93 /* Debug */ = {
			isa = XCBuildConfiguration;
			buildSettings = {
				BUNDLE_LOADER = "$(TEST_HOST)";
				CODE_SIGN_STYLE = Automatic;
				CURRENT_PROJECT_VERSION = 1;
				DEVELOPMENT_TEAM = 6DCF8ALR8N;
				GENERATE_INFOPLIST_FILE = YES;
				IPHONEOS_DEPLOYMENT_TARGET = 18.0;
				MARKETING_VERSION = 1.0;
				PRODUCT_BUNDLE_IDENTIFIER = "mednologic.iOS-ChallengeTests";
				PRODUCT_NAME = "$(TARGET_NAME)";
				SWIFT_EMIT_LOC_STRINGS = NO;
				SWIFT_VERSION = 5.0;
				TARGETED_DEVICE_FAMILY = "1,2";
				TEST_HOST = "$(BUILT_PRODUCTS_DIR)/iOS-Challenge.app/$(BUNDLE_EXECUTABLE_FOLDER_PATH)/iOS-Challenge";
			};
			name = Debug;
		};
		6431D99F2D97D4810035AD93 /* Release */ = {
			isa = XCBuildConfiguration;
			buildSettings = {
				BUNDLE_LOADER = "$(TEST_HOST)";
				CODE_SIGN_STYLE = Automatic;
				CURRENT_PROJECT_VERSION = 1;
				DEVELOPMENT_TEAM = 6DCF8ALR8N;
				GENERATE_INFOPLIST_FILE = YES;
				IPHONEOS_DEPLOYMENT_TARGET = 18.0;
				MARKETING_VERSION = 1.0;
				PRODUCT_BUNDLE_IDENTIFIER = "mednologic.iOS-ChallengeTests";
				PRODUCT_NAME = "$(TARGET_NAME)";
				SWIFT_EMIT_LOC_STRINGS = NO;
				SWIFT_VERSION = 5.0;
				TARGETED_DEVICE_FAMILY = "1,2";
				TEST_HOST = "$(BUILT_PRODUCTS_DIR)/iOS-Challenge.app/$(BUNDLE_EXECUTABLE_FOLDER_PATH)/iOS-Challenge";
			};
			name = Release;
		};
		6431D9A12D97D4810035AD93 /* Debug */ = {
			isa = XCBuildConfiguration;
			buildSettings = {
				CODE_SIGN_STYLE = Automatic;
				CURRENT_PROJECT_VERSION = 1;
				DEVELOPMENT_TEAM = 6DCF8ALR8N;
				GENERATE_INFOPLIST_FILE = YES;
				MARKETING_VERSION = 1.0;
				PRODUCT_BUNDLE_IDENTIFIER = "mednologic.iOS-ChallengeUITests";
				PRODUCT_NAME = "$(TARGET_NAME)";
				SWIFT_EMIT_LOC_STRINGS = NO;
				SWIFT_VERSION = 5.0;
				TARGETED_DEVICE_FAMILY = "1,2";
				TEST_TARGET_NAME = "iOS-Challenge";
			};
			name = Debug;
		};
		6431D9A22D97D4810035AD93 /* Release */ = {
			isa = XCBuildConfiguration;
			buildSettings = {
				CODE_SIGN_STYLE = Automatic;
				CURRENT_PROJECT_VERSION = 1;
				DEVELOPMENT_TEAM = 6DCF8ALR8N;
				GENERATE_INFOPLIST_FILE = YES;
				MARKETING_VERSION = 1.0;
				PRODUCT_BUNDLE_IDENTIFIER = "mednologic.iOS-ChallengeUITests";
				PRODUCT_NAME = "$(TARGET_NAME)";
				SWIFT_EMIT_LOC_STRINGS = NO;
				SWIFT_VERSION = 5.0;
				TARGETED_DEVICE_FAMILY = "1,2";
				TEST_TARGET_NAME = "iOS-Challenge";
			};
			name = Release;
		};
/* End XCBuildConfiguration section */

/* Begin XCConfigurationList section */
		6431D96A2D97D47F0035AD93 /* Build configuration list for PBXProject "iOS-Challenge" */ = {
			isa = XCConfigurationList;
			buildConfigurations = (
				6431D99B2D97D4810035AD93 /* Debug */,
				6431D99C2D97D4810035AD93 /* Release */,
			);
			defaultConfigurationIsVisible = 0;
			defaultConfigurationName = Release;
		};
		6431D9982D97D4810035AD93 /* Build configuration list for PBXNativeTarget "iOS-Challenge" */ = {
			isa = XCConfigurationList;
			buildConfigurations = (
				6431D9992D97D4810035AD93 /* Debug */,
				6431D99A2D97D4810035AD93 /* Release */,
			);
			defaultConfigurationIsVisible = 0;
			defaultConfigurationName = Release;
		};
		6431D99D2D97D4810035AD93 /* Build configuration list for PBXNativeTarget "iOS-ChallengeTests" */ = {
			isa = XCConfigurationList;
			buildConfigurations = (
				6431D99E2D97D4810035AD93 /* Debug */,
				6431D99F2D97D4810035AD93 /* Release */,
			);
			defaultConfigurationIsVisible = 0;
			defaultConfigurationName = Release;
		};
		6431D9A02D97D4810035AD93 /* Build configuration list for PBXNativeTarget "iOS-ChallengeUITests" */ = {
			isa = XCConfigurationList;
			buildConfigurations = (
				6431D9A12D97D4810035AD93 /* Debug */,
				6431D9A22D97D4810035AD93 /* Release */,
			);
			defaultConfigurationIsVisible = 0;
			defaultConfigurationName = Release;
		};
/* End XCConfigurationList section */
	};
	rootObject = 6431D9672D97D47F0035AD93 /* Project object */;
}
